
Microsoft Visual Studio Solution File, Format Version 12.00
# Visual Studio Version 16
VisualStudioVersion = 16.0.30523.141
MinimumVisualStudioVersion = 10.0.40219.1
Project("{9A19103F-16F7-4668-BE54-9A1E7A4F7556}") = "Panda.App", "Panda.App\Panda.App.csproj", "{E20E39F0-439A-43DF-AC32-CEA5CEEF3CD8}"
EndProject
Project("{9A19103F-16F7-4668-BE54-9A1E7A4F7556}") = "Panda.Data", "Panda.Data\Panda.Data.csproj", "{E9A10635-8393-4B06-A44B-8B54F014A259}"
EndProject
Project("{FAE04EC0-301F-11D3-BF4B-00C04F79EFBC}") = "Panda.Models", "Panda.Models\Panda.Models.csproj", "{8CCC0E46-CF73-4A98-AF8F-3CA7E8CDE599}"
EndProject
Project("{FAE04EC0-301F-11D3-BF4B-00C04F79EFBC}") = "Panda.Services", "Panda.Services\Panda.Services.csproj", "{2EAD6AAD-6948-47DD-8ABE-CA1B7707CC94}"
EndProject
Global
	GlobalSection(SolutionConfigurationPlatforms) = preSolution
		Debug|Any CPU = Debug|Any CPU
		Release|Any CPU = Release|Any CPU
	EndGlobalSection
	GlobalSection(ProjectConfigurationPlatforms) = postSolution
		{E20E39F0-439A-43DF-AC32-CEA5CEEF3CD8}.Debug|Any CPU.ActiveCfg = Debug|Any CPU
		{E20E39F0-439A-43DF-AC32-CEA5CEEF3CD8}.Debug|Any CPU.Build.0 = Debug|Any CPU
		{E20E39F0-439A-43DF-AC32-CEA5CEEF3CD8}.Release|Any CPU.ActiveCfg = Release|Any CPU
		{E20E39F0-439A-43DF-AC32-CEA5CEEF3CD8}.Release|Any CPU.Build.0 = Release|Any CPU
		{E9A10635-8393-4B06-A44B-8B54F014A259}.Debug|Any CPU.ActiveCfg = Debug|Any CPU
		{E9A10635-8393-4B06-A44B-8B54F014A259}.Debug|Any CPU.Build.0 = Debug|Any CPU
		{E9A10635-8393-4B06-A44B-8B54F014A259}.Release|Any CPU.ActiveCfg = Release|Any CPU
		{E9A10635-8393-4B06-A44B-8B54F014A259}.Release|Any CPU.Build.0 = Release|Any CPU
		{8CCC0E46-CF73-4A98-AF8F-3CA7E8CDE599}.Debug|Any CPU.ActiveCfg = Debug|Any CPU
		{8CCC0E46-CF73-4A98-AF8F-3CA7E8CDE599}.Debug|Any CPU.Build.0 = Debug|Any CPU
		{8CCC0E46-CF73-4A98-AF8F-3CA7E8CDE599}.Release|Any CPU.ActiveCfg = Release|Any CPU
		{8CCC0E46-CF73-4A98-AF8F-3CA7E8CDE599}.Release|Any CPU.Build.0 = Release|Any CPU
		{2EAD6AAD-6948-47DD-8ABE-CA1B7707CC94}.Debug|Any CPU.ActiveCfg = Debug|Any CPU
		{2EAD6AAD-6948-47DD-8ABE-CA1B7707CC94}.Debug|Any CPU.Build.0 = Debug|Any CPU
		{2EAD6AAD-6948-47DD-8ABE-CA1B7707CC94}.Release|Any CPU.ActiveCfg = Release|Any CPU
		{2EAD6AAD-6948-47DD-8ABE-CA1B7707CC94}.Release|Any CPU.Build.0 = Release|Any CPU
	EndGlobalSection
	GlobalSection(SolutionProperties) = preSolution
		HideSolutionNode = FALSE
	EndGlobalSection
	GlobalSection(ExtensibilityGlobals) = postSolution
		SolutionGuid = {9E76647D-6A38-4276-8BED-526DBD8707D9}
	EndGlobalSection
EndGlobal
