
Microsoft Visual Studio Solution File, Format Version 12.00
# Visual Studio Version 16
VisualStudioVersion = 16.0.30907.101
MinimumVisualStudioVersion = 10.0.40219.1
Project("{9A19103F-16F7-4668-BE54-9A1E7A4F7556}") = "Demos", "Demos\Demos.csproj", "{39A08834-B46C-4D6B-81DF-D175CB3B123B}"
EndProject
Global
	GlobalSection(SolutionConfigurationPlatforms) = preSolution
		Debug|Any CPU = Debug|Any CPU
		Release|Any CPU = Release|Any CPU
	EndGlobalSection
	GlobalSection(ProjectConfigurationPlatforms) = postSolution
		{39A08834-B46C-4D6B-81DF-D175CB3B123B}.Debug|Any CPU.ActiveCfg = Debug|Any CPU
		{39A08834-B46C-4D6B-81DF-D175CB3B123B}.Debug|Any CPU.Build.0 = Debug|Any CPU
		{39A08834-B46C-4D6B-81DF-D175CB3B123B}.Release|Any CPU.ActiveCfg = Release|Any CPU
		{39A08834-B46C-4D6B-81DF-D175CB3B123B}.Release|Any CPU.Build.0 = Release|Any CPU
	EndGlobalSection
	GlobalSection(SolutionProperties) = preSolution
		HideSolutionNode = FALSE
	EndGlobalSection
	GlobalSection(ExtensibilityGlobals) = postSolution
		SolutionGuid = {39316B9F-F568-479A-8A7A-93DF479C3184}
	EndGlobalSection
EndGlobal
