
Microsoft Visual Studio Solution File, Format Version 12.00
# Visual Studio Version 16
VisualStudioVersion = 16.0.30320.27
MinimumVisualStudioVersion = 10.0.40219.1
Project("{9A19103F-16F7-4668-BE54-9A1E7A4F7556}") = "BackEnd", "BackEnd\BackEnd.csproj", "{31E3A502-252E-4DE4-B14F-2EAEDF63ED99}"
EndProject
Project("{9A19103F-16F7-4668-BE54-9A1E7A4F7556}") = "ConferenceDTO", "ConferenceDTO\ConferenceDTO.csproj", "{A33DFC39-F2DC-4840-BA84-1E58C7B58F69}"
EndProject
Project("{9A19103F-16F7-4668-BE54-9A1E7A4F7556}") = "FrontEnd", "FrontEnd\FrontEnd.csproj", "{4D1FADF0-AE4F-47FB-A19B-F05F5C7841DF}"
EndProject
Global
	GlobalSection(SolutionConfigurationPlatforms) = preSolution
		Debug|Any CPU = Debug|Any CPU
		Release|Any CPU = Release|Any CPU
	EndGlobalSection
	GlobalSection(ProjectConfigurationPlatforms) = postSolution
		{31E3A502-252E-4DE4-B14F-2EAEDF63ED99}.Debug|Any CPU.ActiveCfg = Debug|Any CPU
		{31E3A502-252E-4DE4-B14F-2EAEDF63ED99}.Debug|Any CPU.Build.0 = Debug|Any CPU
		{31E3A502-252E-4DE4-B14F-2EAEDF63ED99}.Release|Any CPU.ActiveCfg = Release|Any CPU
		{31E3A502-252E-4DE4-B14F-2EAEDF63ED99}.Release|Any CPU.Build.0 = Release|Any CPU
		{A33DFC39-F2DC-4840-BA84-1E58C7B58F69}.Debug|Any CPU.ActiveCfg = Debug|Any CPU
		{A33DFC39-F2DC-4840-BA84-1E58C7B58F69}.Debug|Any CPU.Build.0 = Debug|Any CPU
		{A33DFC39-F2DC-4840-BA84-1E58C7B58F69}.Release|Any CPU.ActiveCfg = Release|Any CPU
		{A33DFC39-F2DC-4840-BA84-1E58C7B58F69}.Release|Any CPU.Build.0 = Release|Any CPU
		{4D1FADF0-AE4F-47FB-A19B-F05F5C7841DF}.Debug|Any CPU.ActiveCfg = Debug|Any CPU
		{4D1FADF0-AE4F-47FB-A19B-F05F5C7841DF}.Debug|Any CPU.Build.0 = Debug|Any CPU
		{4D1FADF0-AE4F-47FB-A19B-F05F5C7841DF}.Release|Any CPU.ActiveCfg = Release|Any CPU
		{4D1FADF0-AE4F-47FB-A19B-F05F5C7841DF}.Release|Any CPU.Build.0 = Release|Any CPU
	EndGlobalSection
	GlobalSection(SolutionProperties) = preSolution
		HideSolutionNode = FALSE
	EndGlobalSection
	GlobalSection(ExtensibilityGlobals) = postSolution
		SolutionGuid = {BE75811F-3BF2-4FE0-9391-9E65E03E9EBF}
	EndGlobalSection
EndGlobal
