
Microsoft Visual Studio Solution File, Format Version 12.00
# Visual Studio Version 16
VisualStudioVersion = 16.0.30320.27
MinimumVisualStudioVersion = 10.0.40219.1
Project("{FAE04EC0-301F-11D3-BF4B-00C04F79EFBC}") = "IdentityDemo", "IdentityDemo\IdentityDemo.csproj", "{0A369CC4-08A1-404B-9B48-2C1AF8012444}"
EndProject
Global
	GlobalSection(SolutionConfigurationPlatforms) = preSolution
		Debug|Any CPU = Debug|Any CPU
		Release|Any CPU = Release|Any CPU
	EndGlobalSection
	GlobalSection(ProjectConfigurationPlatforms) = postSolution
		{0A369CC4-08A1-404B-9B48-2C1AF8012444}.Debug|Any CPU.ActiveCfg = Debug|Any CPU
		{0A369CC4-08A1-404B-9B48-2C1AF8012444}.Debug|Any CPU.Build.0 = Debug|Any CPU
		{0A369CC4-08A1-404B-9B48-2C1AF8012444}.Release|Any CPU.ActiveCfg = Release|Any CPU
		{0A369CC4-08A1-404B-9B48-2C1AF8012444}.Release|Any CPU.Build.0 = Release|Any CPU
	EndGlobalSection
	GlobalSection(SolutionProperties) = preSolution
		HideSolutionNode = FALSE
	EndGlobalSection
	GlobalSection(ExtensibilityGlobals) = postSolution
		SolutionGuid = {AACF6AF3-6D28-4497-8C5F-EBDEB26D5034}
	EndGlobalSection
EndGlobal
