
Microsoft Visual Studio Solution File, Format Version 12.00
# Visual Studio Version 16
VisualStudioVersion = 16.0.30523.141
MinimumVisualStudioVersion = 10.0.40219.1
Project("{2150E333-8FDC-42A3-9474-1A3956D46DE8}") = "Web", "Web", "{9FE2184A-47FA-42E2-9C9B-BECCA5443999}"
EndProject
Project("{9A19103F-16F7-4668-BE54-9A1E7A4F7556}") = "JokesApp.Web", "src\Web\JokesApp.Web\JokesApp.Web.csproj", "{ABCF08FA-C047-4C75-B893-3DA2AFAF120D}"
EndProject
Project("{2150E333-8FDC-42A3-9474-1A3956D46DE8}") = "Data", "Data", "{B680B41B-6195-43FE-9776-4E20331CACE1}"
EndProject
Project("{9A19103F-16F7-4668-BE54-9A1E7A4F7556}") = "JokesApp.Data", "src\Data\JokesApp.Data\JokesApp.Data.csproj", "{05D71FA4-2731-4C14-AA28-C8D03F25812E}"
EndProject
Project("{9A19103F-16F7-4668-BE54-9A1E7A4F7556}") = "JokesApp.Data.Models", "src\Data\JokesApp.Data.Models\JokesApp.Data.Models.csproj", "{F0BFBA34-12D6-48DA-B657-61A5BF050D0A}"
EndProject
Project("{2150E333-8FDC-42A3-9474-1A3956D46DE8}") = "Tests", "Tests", "{6814ADA2-3960-469D-9481-F2572D0E7E39}"
EndProject
Project("{9A19103F-16F7-4668-BE54-9A1E7A4F7556}") = "Sandbox", "src\Tests\Sandbox\Sandbox.csproj", "{C3AACBDD-62E5-489E-B616-DF8F88B76F35}"
EndProject
Project("{9A19103F-16F7-4668-BE54-9A1E7A4F7556}") = "JokesApp.Data.Common", "src\Data\JokesApp.Data.Common\JokesApp.Data.Common.csproj", "{D3211D4F-F16A-4B45-825D-07C16EC997CA}"
EndProject
Project("{2150E333-8FDC-42A3-9474-1A3956D46DE8}") = "Services", "Services", "{A691DC73-ECDA-4250-B0F3-2ED740456464}"
EndProject
Project("{9A19103F-16F7-4668-BE54-9A1E7A4F7556}") = "JokesApp.Services.DataServices", "src\Services\JokesApp.Services.DataServices\JokesApp.Services.DataServices.csproj", "{804D5F44-47F3-4324-9E22-D2CBBE7E426C}"
EndProject
Project("{9A19103F-16F7-4668-BE54-9A1E7A4F7556}") = "JokesApp.Services.Models", "src\Services\JokesApp.Services.Models\JokesApp.Services.Models.csproj", "{40EE4791-26E5-4B39-B457-57540DE011FD}"
EndProject
Project("{9A19103F-16F7-4668-BE54-9A1E7A4F7556}") = "JokesApp.Services.Mapping", "src\Services\JokesApp.Services.Mapping\JokesApp.Services.Mapping.csproj", "{DEA8ADCF-BE4F-4E30-B201-84EEA11D61F4}"
EndProject
Project("{9A19103F-16F7-4668-BE54-9A1E7A4F7556}") = "JokesApp.Services.MachineLearning", "src\Services\JokesApp.Services.MachineLearning\JokesApp.Services.MachineLearning.csproj", "{3F421674-8C9C-4090-8077-C4564E5929D7}"
EndProject
Project("{FAE04EC0-301F-11D3-BF4B-00C04F79EFBC}") = "FunApp.Services.DataServices.Tests", "src\Tests\FunApp.Services.DataServices.Tests\FunApp.Services.DataServices.Tests.csproj", "{75359344-E745-43A6-B3A7-149A85C8C065}"
EndProject
Global
	GlobalSection(SolutionConfigurationPlatforms) = preSolution
		Debug|Any CPU = Debug|Any CPU
		Release|Any CPU = Release|Any CPU
	EndGlobalSection
	GlobalSection(ProjectConfigurationPlatforms) = postSolution
		{ABCF08FA-C047-4C75-B893-3DA2AFAF120D}.Debug|Any CPU.ActiveCfg = Debug|Any CPU
		{ABCF08FA-C047-4C75-B893-3DA2AFAF120D}.Debug|Any CPU.Build.0 = Debug|Any CPU
		{ABCF08FA-C047-4C75-B893-3DA2AFAF120D}.Release|Any CPU.ActiveCfg = Release|Any CPU
		{ABCF08FA-C047-4C75-B893-3DA2AFAF120D}.Release|Any CPU.Build.0 = Release|Any CPU
		{05D71FA4-2731-4C14-AA28-C8D03F25812E}.Debug|Any CPU.ActiveCfg = Debug|Any CPU
		{05D71FA4-2731-4C14-AA28-C8D03F25812E}.Debug|Any CPU.Build.0 = Debug|Any CPU
		{05D71FA4-2731-4C14-AA28-C8D03F25812E}.Release|Any CPU.ActiveCfg = Release|Any CPU
		{05D71FA4-2731-4C14-AA28-C8D03F25812E}.Release|Any CPU.Build.0 = Release|Any CPU
		{F0BFBA34-12D6-48DA-B657-61A5BF050D0A}.Debug|Any CPU.ActiveCfg = Debug|Any CPU
		{F0BFBA34-12D6-48DA-B657-61A5BF050D0A}.Debug|Any CPU.Build.0 = Debug|Any CPU
		{F0BFBA34-12D6-48DA-B657-61A5BF050D0A}.Release|Any CPU.ActiveCfg = Release|Any CPU
		{F0BFBA34-12D6-48DA-B657-61A5BF050D0A}.Release|Any CPU.Build.0 = Release|Any CPU
		{C3AACBDD-62E5-489E-B616-DF8F88B76F35}.Debug|Any CPU.ActiveCfg = Debug|Any CPU
		{C3AACBDD-62E5-489E-B616-DF8F88B76F35}.Debug|Any CPU.Build.0 = Debug|Any CPU
		{C3AACBDD-62E5-489E-B616-DF8F88B76F35}.Release|Any CPU.ActiveCfg = Release|Any CPU
		{C3AACBDD-62E5-489E-B616-DF8F88B76F35}.Release|Any CPU.Build.0 = Release|Any CPU
		{D3211D4F-F16A-4B45-825D-07C16EC997CA}.Debug|Any CPU.ActiveCfg = Debug|Any CPU
		{D3211D4F-F16A-4B45-825D-07C16EC997CA}.Debug|Any CPU.Build.0 = Debug|Any CPU
		{D3211D4F-F16A-4B45-825D-07C16EC997CA}.Release|Any CPU.ActiveCfg = Release|Any CPU
		{D3211D4F-F16A-4B45-825D-07C16EC997CA}.Release|Any CPU.Build.0 = Release|Any CPU
		{804D5F44-47F3-4324-9E22-D2CBBE7E426C}.Debug|Any CPU.ActiveCfg = Debug|Any CPU
		{804D5F44-47F3-4324-9E22-D2CBBE7E426C}.Debug|Any CPU.Build.0 = Debug|Any CPU
		{804D5F44-47F3-4324-9E22-D2CBBE7E426C}.Release|Any CPU.ActiveCfg = Release|Any CPU
		{804D5F44-47F3-4324-9E22-D2CBBE7E426C}.Release|Any CPU.Build.0 = Release|Any CPU
		{40EE4791-26E5-4B39-B457-57540DE011FD}.Debug|Any CPU.ActiveCfg = Debug|Any CPU
		{40EE4791-26E5-4B39-B457-57540DE011FD}.Debug|Any CPU.Build.0 = Debug|Any CPU
		{40EE4791-26E5-4B39-B457-57540DE011FD}.Release|Any CPU.ActiveCfg = Release|Any CPU
		{40EE4791-26E5-4B39-B457-57540DE011FD}.Release|Any CPU.Build.0 = Release|Any CPU
		{DEA8ADCF-BE4F-4E30-B201-84EEA11D61F4}.Debug|Any CPU.ActiveCfg = Debug|Any CPU
		{DEA8ADCF-BE4F-4E30-B201-84EEA11D61F4}.Debug|Any CPU.Build.0 = Debug|Any CPU
		{DEA8ADCF-BE4F-4E30-B201-84EEA11D61F4}.Release|Any CPU.ActiveCfg = Release|Any CPU
		{DEA8ADCF-BE4F-4E30-B201-84EEA11D61F4}.Release|Any CPU.Build.0 = Release|Any CPU
		{3F421674-8C9C-4090-8077-C4564E5929D7}.Debug|Any CPU.ActiveCfg = Debug|Any CPU
		{3F421674-8C9C-4090-8077-C4564E5929D7}.Debug|Any CPU.Build.0 = Debug|Any CPU
		{3F421674-8C9C-4090-8077-C4564E5929D7}.Release|Any CPU.ActiveCfg = Release|Any CPU
		{3F421674-8C9C-4090-8077-C4564E5929D7}.Release|Any CPU.Build.0 = Release|Any CPU
		{75359344-E745-43A6-B3A7-149A85C8C065}.Debug|Any CPU.ActiveCfg = Debug|Any CPU
		{75359344-E745-43A6-B3A7-149A85C8C065}.Debug|Any CPU.Build.0 = Debug|Any CPU
		{75359344-E745-43A6-B3A7-149A85C8C065}.Release|Any CPU.ActiveCfg = Release|Any CPU
		{75359344-E745-43A6-B3A7-149A85C8C065}.Release|Any CPU.Build.0 = Release|Any CPU
	EndGlobalSection
	GlobalSection(SolutionProperties) = preSolution
		HideSolutionNode = FALSE
	EndGlobalSection
	GlobalSection(NestedProjects) = preSolution
		{ABCF08FA-C047-4C75-B893-3DA2AFAF120D} = {9FE2184A-47FA-42E2-9C9B-BECCA5443999}
		{05D71FA4-2731-4C14-AA28-C8D03F25812E} = {B680B41B-6195-43FE-9776-4E20331CACE1}
		{F0BFBA34-12D6-48DA-B657-61A5BF050D0A} = {B680B41B-6195-43FE-9776-4E20331CACE1}
		{C3AACBDD-62E5-489E-B616-DF8F88B76F35} = {6814ADA2-3960-469D-9481-F2572D0E7E39}
		{D3211D4F-F16A-4B45-825D-07C16EC997CA} = {B680B41B-6195-43FE-9776-4E20331CACE1}
		{804D5F44-47F3-4324-9E22-D2CBBE7E426C} = {A691DC73-ECDA-4250-B0F3-2ED740456464}
		{40EE4791-26E5-4B39-B457-57540DE011FD} = {A691DC73-ECDA-4250-B0F3-2ED740456464}
		{DEA8ADCF-BE4F-4E30-B201-84EEA11D61F4} = {A691DC73-ECDA-4250-B0F3-2ED740456464}
		{3F421674-8C9C-4090-8077-C4564E5929D7} = {A691DC73-ECDA-4250-B0F3-2ED740456464}
		{75359344-E745-43A6-B3A7-149A85C8C065} = {6814ADA2-3960-469D-9481-F2572D0E7E39}
	EndGlobalSection
	GlobalSection(ExtensibilityGlobals) = postSolution
		SolutionGuid = {A04BCA30-6408-4824-8167-A5B905366F18}
	EndGlobalSection
EndGlobal
