
Microsoft Visual Studio Solution File, Format Version 12.00
# Visual Studio Version 16
VisualStudioVersion = 16.0.30523.141
MinimumVisualStudioVersion = 10.0.40219.1
Project("{2150E333-8FDC-42A3-9474-1A3956D46DE8}") = "Web", "Web", "{9FE2184A-47FA-42E2-9C9B-BECCA5443999}"
EndProject
Project("{FAE04EC0-301F-11D3-BF4B-00C04F79EFBC}") = "JokesApp.Web", "src\Web\JokesApp.Web\JokesApp.Web.csproj", "{ABCF08FA-C047-4C75-B893-3DA2AFAF120D}"
EndProject
Project("{2150E333-8FDC-42A3-9474-1A3956D46DE8}") = "Data", "Data", "{B680B41B-6195-43FE-9776-4E20331CACE1}"
EndProject
Project("{FAE04EC0-301F-11D3-BF4B-00C04F79EFBC}") = "JokesApp.Data", "src\Data\JokesApp.Data\JokesApp.Data.csproj", "{05D71FA4-2731-4C14-AA28-C8D03F25812E}"
EndProject
Project("{FAE04EC0-301F-11D3-BF4B-00C04F79EFBC}") = "JokesApp.Data.Models", "src\Data\JokesApp.Data.Models\JokesApp.Data.Models.csproj", "{F0BFBA34-12D6-48DA-B657-61A5BF050D0A}"
EndProject
Global
	GlobalSection(SolutionConfigurationPlatforms) = preSolution
		Debug|Any CPU = Debug|Any CPU
		Release|Any CPU = Release|Any CPU
	EndGlobalSection
	GlobalSection(ProjectConfigurationPlatforms) = postSolution
		{ABCF08FA-C047-4C75-B893-3DA2AFAF120D}.Debug|Any CPU.ActiveCfg = Debug|Any CPU
		{ABCF08FA-C047-4C75-B893-3DA2AFAF120D}.Debug|Any CPU.Build.0 = Debug|Any CPU
		{ABCF08FA-C047-4C75-B893-3DA2AFAF120D}.Release|Any CPU.ActiveCfg = Release|Any CPU
		{ABCF08FA-C047-4C75-B893-3DA2AFAF120D}.Release|Any CPU.Build.0 = Release|Any CPU
		{05D71FA4-2731-4C14-AA28-C8D03F25812E}.Debug|Any CPU.ActiveCfg = Debug|Any CPU
		{05D71FA4-2731-4C14-AA28-C8D03F25812E}.Debug|Any CPU.Build.0 = Debug|Any CPU
		{05D71FA4-2731-4C14-AA28-C8D03F25812E}.Release|Any CPU.ActiveCfg = Release|Any CPU
		{05D71FA4-2731-4C14-AA28-C8D03F25812E}.Release|Any CPU.Build.0 = Release|Any CPU
		{F0BFBA34-12D6-48DA-B657-61A5BF050D0A}.Debug|Any CPU.ActiveCfg = Debug|Any CPU
		{F0BFBA34-12D6-48DA-B657-61A5BF050D0A}.Debug|Any CPU.Build.0 = Debug|Any CPU
		{F0BFBA34-12D6-48DA-B657-61A5BF050D0A}.Release|Any CPU.ActiveCfg = Release|Any CPU
		{F0BFBA34-12D6-48DA-B657-61A5BF050D0A}.Release|Any CPU.Build.0 = Release|Any CPU
	EndGlobalSection
	GlobalSection(SolutionProperties) = preSolution
		HideSolutionNode = FALSE
	EndGlobalSection
	GlobalSection(NestedProjects) = preSolution
		{ABCF08FA-C047-4C75-B893-3DA2AFAF120D} = {9FE2184A-47FA-42E2-9C9B-BECCA5443999}
		{05D71FA4-2731-4C14-AA28-C8D03F25812E} = {B680B41B-6195-43FE-9776-4E20331CACE1}
		{F0BFBA34-12D6-48DA-B657-61A5BF050D0A} = {B680B41B-6195-43FE-9776-4E20331CACE1}
	EndGlobalSection
	GlobalSection(ExtensibilityGlobals) = postSolution
		SolutionGuid = {A04BCA30-6408-4824-8167-A5B905366F18}
	EndGlobalSection
EndGlobal
